
Microsoft Visual Studio Solution File, Format Version 12.00
# Visual Studio Version 17
VisualStudioVersion = 17.12.35521.163 d17.12
MinimumVisualStudioVersion = 10.0.40219.1
Project("{FAE04EC0-301F-11D3-BF4B-00C04F79EFBC}") = "GitHop", "GitHop\GitHop.csproj", "{EA2D99FF-0E7A-4898-9ECA-0A739FAE6CC1}"
EndProject
Global
	GlobalSection(SolutionConfigurationPlatforms) = preSolution
		Debug|Any CPU = Debug|Any CPU
		Release|Any CPU = Release|Any CPU
	EndGlobalSection
	GlobalSection(ProjectConfigurationPlatforms) = postSolution
		{EA2D99FF-0E7A-4898-9ECA-0A739FAE6CC1}.Debug|Any CPU.ActiveCfg = Debug|Any CPU
		{EA2D99FF-0E7A-4898-9ECA-0A739FAE6CC1}.Debug|Any CPU.Build.0 = Debug|Any CPU
		{EA2D99FF-0E7A-4898-9ECA-0A739FAE6CC1}.Release|Any CPU.ActiveCfg = Release|Any CPU
		{EA2D99FF-0E7A-4898-9ECA-0A739FAE6CC1}.Release|Any CPU.Build.0 = Release|Any CPU
	EndGlobalSection
	GlobalSection(SolutionProperties) = preSolution
		HideSolutionNode = FALSE
	EndGlobalSection
EndGlobal
